
Microsoft Visual Studio Solution File, Format Version 12.00
# Visual Studio Version 17
VisualStudioVersion = 17.10.34928.147
MinimumVisualStudioVersion = 10.0.40219.1
Project("{FAE04EC0-301F-11D3-BF4B-00C04F79EFBC}") = "Sample.Api", "src\Sample.Api\Sample.Api.csproj", "{D71F78D2-E2AA-4A71-AB39-9DFE79868EE9}"
EndProject
Project("{2150E333-8FDC-42A3-9474-1A3956D46DE8}") = "0 - Sample.Ui", "0 - Sample.Ui", "{AB788787-B2CC-4091-9716-C6C7A8A8C3DB}"
EndProject
Project("{2150E333-8FDC-42A3-9474-1A3956D46DE8}") = "1 - Sample.Application", "1 - Sample.Application", "{40A86647-C765-43BB-BF1B-53F9012589EE}"
EndProject
Project("{2150E333-8FDC-42A3-9474-1A3956D46DE8}") = "2 - Sample.Domain", "2 - Sample.Domain", "{16AA3E69-3FFE-417C-B04D-74D5A94B5EAE}"
EndProject
Project("{2150E333-8FDC-42A3-9474-1A3956D46DE8}") = "4 - Sample.Infra", "4 - Sample.Infra", "{197B311B-40E0-4F6A-9FB8-9A0CD5E84BCF}"
EndProject
Project("{FAE04EC0-301F-11D3-BF4B-00C04F79EFBC}") = "Sample.Application", "src\Sample.Application\Sample.Application.csproj", "{4B8B9BC4-9A45-40AF-B9EF-353A865F3F51}"
EndProject
Project("{FAE04EC0-301F-11D3-BF4B-00C04F79EFBC}") = "Sample.Domain", "src\Sample.Domain\Sample.Domain.csproj", "{68AFE073-E2DF-4108-9BE4-3F0C877D447B}"
EndProject
Project("{FAE04EC0-301F-11D3-BF4B-00C04F79EFBC}") = "Sample.Infra.Data", "src\Sample.Infra.Data\Sample.Infra.Data.csproj", "{6C8E71CA-0E45-4718-8E8A-335E5EBF2AA1}"
EndProject
Global
	GlobalSection(SolutionConfigurationPlatforms) = preSolution
		Debug|Any CPU = Debug|Any CPU
		Release|Any CPU = Release|Any CPU
	EndGlobalSection
	GlobalSection(ProjectConfigurationPlatforms) = postSolution
		{D71F78D2-E2AA-4A71-AB39-9DFE79868EE9}.Debug|Any CPU.ActiveCfg = Debug|Any CPU
		{D71F78D2-E2AA-4A71-AB39-9DFE79868EE9}.Debug|Any CPU.Build.0 = Debug|Any CPU
		{D71F78D2-E2AA-4A71-AB39-9DFE79868EE9}.Release|Any CPU.ActiveCfg = Release|Any CPU
		{D71F78D2-E2AA-4A71-AB39-9DFE79868EE9}.Release|Any CPU.Build.0 = Release|Any CPU
		{4B8B9BC4-9A45-40AF-B9EF-353A865F3F51}.Debug|Any CPU.ActiveCfg = Debug|Any CPU
		{4B8B9BC4-9A45-40AF-B9EF-353A865F3F51}.Debug|Any CPU.Build.0 = Debug|Any CPU
		{4B8B9BC4-9A45-40AF-B9EF-353A865F3F51}.Release|Any CPU.ActiveCfg = Release|Any CPU
		{4B8B9BC4-9A45-40AF-B9EF-353A865F3F51}.Release|Any CPU.Build.0 = Release|Any CPU
		{68AFE073-E2DF-4108-9BE4-3F0C877D447B}.Debug|Any CPU.ActiveCfg = Debug|Any CPU
		{68AFE073-E2DF-4108-9BE4-3F0C877D447B}.Debug|Any CPU.Build.0 = Debug|Any CPU
		{68AFE073-E2DF-4108-9BE4-3F0C877D447B}.Release|Any CPU.ActiveCfg = Release|Any CPU
		{68AFE073-E2DF-4108-9BE4-3F0C877D447B}.Release|Any CPU.Build.0 = Release|Any CPU
		{6C8E71CA-0E45-4718-8E8A-335E5EBF2AA1}.Debug|Any CPU.ActiveCfg = Debug|Any CPU
		{6C8E71CA-0E45-4718-8E8A-335E5EBF2AA1}.Debug|Any CPU.Build.0 = Debug|Any CPU
		{6C8E71CA-0E45-4718-8E8A-335E5EBF2AA1}.Release|Any CPU.ActiveCfg = Release|Any CPU
		{6C8E71CA-0E45-4718-8E8A-335E5EBF2AA1}.Release|Any CPU.Build.0 = Release|Any CPU
	EndGlobalSection
	GlobalSection(SolutionProperties) = preSolution
		HideSolutionNode = FALSE
	EndGlobalSection
	GlobalSection(NestedProjects) = preSolution
		{D71F78D2-E2AA-4A71-AB39-9DFE79868EE9} = {AB788787-B2CC-4091-9716-C6C7A8A8C3DB}
		{4B8B9BC4-9A45-40AF-B9EF-353A865F3F51} = {40A86647-C765-43BB-BF1B-53F9012589EE}
		{68AFE073-E2DF-4108-9BE4-3F0C877D447B} = {16AA3E69-3FFE-417C-B04D-74D5A94B5EAE}
		{6C8E71CA-0E45-4718-8E8A-335E5EBF2AA1} = {197B311B-40E0-4F6A-9FB8-9A0CD5E84BCF}
	EndGlobalSection
	GlobalSection(ExtensibilityGlobals) = postSolution
		SolutionGuid = {E4D8574D-5F1D-49FA-AD96-F4E04B98EB21}
	EndGlobalSection
EndGlobal
